# This file is autogenerated, do not edit; changes may be undone by the next 'dep ensure'.


[[projects]]
  branch = "master"
  name = "github.com/akaumov/cube"
  packages = ["."]
  revision = "4bc08c5d138d8456bd52abb242b251d6da117c89"

[[projects]]
  branch = "master"
  name = "github.com/akaumov/echo-cube"
  packages = ["."]
  revision = "31b38999da5fe4f869f1afc99126c666d43247cd"

[[projects]]
  branch = "master"
  name = "github.com/akaumov/nats-pool"
  packages = ["."]
  revision = "c7bed8c335be3988fe7978c69e6985b8bc5effac"

[[projects]]
  name = "github.com/nats-io/go-nats"
  packages = [".","encoders/builtin","util"]
  revision = "062418ea1c2181f52dc0f954f6204370519a868b"
  version = "v1.5.0"

[[projects]]
  name = "github.com/nats-io/nuid"
  packages = ["."]
  revision = "289cccf02c178dc782430d534e3c1f5b72af807f"
  version = "v1.0.0"

[solve-meta]
  analyzer-name = "dep"
  analyzer-version = 1
  inputs-digest = "9d306ecfc79ea3f411fb02291ef4e4dc3ccfdb4f2a73cf8ca7af05e6099bf8b0"
  solver-name = "gps-cdcl"
  solver-version = 1
